
Microsoft Visual Studio Solution File, Format Version 12.00
# Visual Studio Version 17
VisualStudioVersion = 17.2.32630.192
MinimumVisualStudioVersion = 10.0.40219.1
Project("{9A19103F-16F7-4668-BE54-9A1E7A4F7556}") = "OutlookAPI", "OutlookAPI\OutlookAPI.csproj", "{B474432A-6105-4CFA-9167-AC4D8DDB57E9}"
EndProject
Global
	GlobalSection(SolutionConfigurationPlatforms) = preSolution
		Debug|Any CPU = Debug|Any CPU
		Release|Any CPU = Release|Any CPU
	EndGlobalSection
	GlobalSection(ProjectConfigurationPlatforms) = postSolution
		{B474432A-6105-4CFA-9167-AC4D8DDB57E9}.Debug|Any CPU.ActiveCfg = Debug|Any CPU
		{B474432A-6105-4CFA-9167-AC4D8DDB57E9}.Debug|Any CPU.Build.0 = Debug|Any CPU
		{B474432A-6105-4CFA-9167-AC4D8DDB57E9}.Release|Any CPU.ActiveCfg = Release|Any CPU
		{B474432A-6105-4CFA-9167-AC4D8DDB57E9}.Release|Any CPU.Build.0 = Release|Any CPU
	EndGlobalSection
	GlobalSection(SolutionProperties) = preSolution
		HideSolutionNode = FALSE
	EndGlobalSection
	GlobalSection(ExtensibilityGlobals) = postSolution
		SolutionGuid = {B91FEC30-3BA1-4C66-8EF5-086BE55B32CB}
	EndGlobalSection
EndGlobal
